# This file is automatically @generated by Cargo.
# It is not intended for manual editing.
[[package]]
name = "coney-amqp-0-9-1"
version = "0.1.0"

[[package]]
name = "coney-common"
version = "0.1.0"

[[package]]
name = "coney-mq-server"
version = "0.1.0"
dependencies = [
 "coney-amqp-0-9-1",
 "coney-common",
]
